
Microsoft Visual Studio Solution File, Format Version 12.00
# Visual Studio Version 17
VisualStudioVersion = 17.1.32228.430
MinimumVisualStudioVersion = 10.0.40219.1
Project("{F184B08F-C81C-45F6-A57F-5ABD9991F28F}") = "200113137_Hospital", "200113137_Hospital.vbproj", "{8F12A45C-4F77-4719-82D8-CDC255407D0F}"
EndProject
Global
	GlobalSection(SolutionConfigurationPlatforms) = preSolution
		Debug|Any CPU = Debug|Any CPU
		Release|Any CPU = Release|Any CPU
	EndGlobalSection
	GlobalSection(ProjectConfigurationPlatforms) = postSolution
		{8F12A45C-4F77-4719-82D8-CDC255407D0F}.Debug|Any CPU.ActiveCfg = Debug|Any CPU
		{8F12A45C-4F77-4719-82D8-CDC255407D0F}.Debug|Any CPU.Build.0 = Debug|Any CPU
		{8F12A45C-4F77-4719-82D8-CDC255407D0F}.Release|Any CPU.ActiveCfg = Release|Any CPU
		{8F12A45C-4F77-4719-82D8-CDC255407D0F}.Release|Any CPU.Build.0 = Release|Any CPU
	EndGlobalSection
	GlobalSection(SolutionProperties) = preSolution
		HideSolutionNode = FALSE
	EndGlobalSection
	GlobalSection(ExtensibilityGlobals) = postSolution
		SolutionGuid = {7B963790-0BDF-44B6-86DB-FB0C0B269377}
	EndGlobalSection
EndGlobal
